
Microsoft Visual Studio Solution File, Format Version 12.00
# Visual Studio Version 16
VisualStudioVersion = 16.0.29519.87
MinimumVisualStudioVersion = 10.0.40219.1
Project("{9A19103F-16F7-4668-BE54-9A1E7A4F7556}") = "WebAPINetCore", "WebAPINetCore.csproj", "{1E47C57C-3457-4266-973B-CBFDD5F498F0}"
EndProject
Project("{2150E333-8FDC-42A3-9474-1A3956D46DE8}") = "Solution Items", "Solution Items", "{E887CE94-C156-42C2-9D1E-1B0A72F8101E}"
	ProjectSection(SolutionItems) = preProject
		docker-compose.yml = docker-compose.yml
	EndProjectSection
EndProject
Global
	GlobalSection(SolutionConfigurationPlatforms) = preSolution
		Debug|Any CPU = Debug|Any CPU
		Release|Any CPU = Release|Any CPU
	EndGlobalSection
	GlobalSection(ProjectConfigurationPlatforms) = postSolution
		{1E47C57C-3457-4266-973B-CBFDD5F498F0}.Debug|Any CPU.ActiveCfg = Debug|Any CPU
		{1E47C57C-3457-4266-973B-CBFDD5F498F0}.Debug|Any CPU.Build.0 = Debug|Any CPU
		{1E47C57C-3457-4266-973B-CBFDD5F498F0}.Release|Any CPU.ActiveCfg = Release|Any CPU
		{1E47C57C-3457-4266-973B-CBFDD5F498F0}.Release|Any CPU.Build.0 = Release|Any CPU
	EndGlobalSection
	GlobalSection(SolutionProperties) = preSolution
		HideSolutionNode = FALSE
	EndGlobalSection
	GlobalSection(ExtensibilityGlobals) = postSolution
		SolutionGuid = {42B0CD9F-A7A3-4223-9466-AAD10EE9176F}
	EndGlobalSection
EndGlobal
