
Microsoft Visual Studio Solution File, Format Version 12.00
# Visual Studio 15
VisualStudioVersion = 15.0.28307.438
MinimumVisualStudioVersion = 10.0.40219.1
Project("{FAE04EC0-301F-11D3-BF4B-00C04F79EFBC}") = "Workshop1.Android", "Workshop1\Workshop1.Android\Workshop1.Android.csproj", "{6F090943-04BA-474B-9871-0D61325501A3}"
EndProject
Project("{FAE04EC0-301F-11D3-BF4B-00C04F79EFBC}") = "Workshop1.iOS", "Workshop1\Workshop1.iOS\Workshop1.iOS.csproj", "{C69C2EFA-34BA-45CB-9D13-4F48186F044D}"
EndProject
Project("{FAE04EC0-301F-11D3-BF4B-00C04F79EFBC}") = "Workshop1", "Workshop1\Workshop1\Workshop1.csproj", "{33A109D3-4BD8-4D58-A67E-6FC7DD4F6556}"
EndProject
Project("{FAE04EC0-301F-11D3-BF4B-00C04F79EFBC}") = "Hello.WebApi", "Hello.WebApi\Hello.WebApi.csproj", "{B88D40C1-2293-4212-B554-6D647826A5DB}"
EndProject
Project("{FAE04EC0-301F-11D3-BF4B-00C04F79EFBC}") = "Hello.Library", "Hello.Library\Hello.Library.csproj", "{252D66F5-1FF3-4051-8184-87486572A171}"
EndProject
Global
	GlobalSection(SolutionConfigurationPlatforms) = preSolution
		Ad-Hoc|Any CPU = Ad-Hoc|Any CPU
		Ad-Hoc|iPhone = Ad-Hoc|iPhone
		Ad-Hoc|iPhoneSimulator = Ad-Hoc|iPhoneSimulator
		AppStore|Any CPU = AppStore|Any CPU
		AppStore|iPhone = AppStore|iPhone
		AppStore|iPhoneSimulator = AppStore|iPhoneSimulator
		Debug|Any CPU = Debug|Any CPU
		Debug|iPhone = Debug|iPhone
		Debug|iPhoneSimulator = Debug|iPhoneSimulator
		Release|Any CPU = Release|Any CPU
		Release|iPhone = Release|iPhone
		Release|iPhoneSimulator = Release|iPhoneSimulator
	EndGlobalSection
	GlobalSection(ProjectConfigurationPlatforms) = postSolution
		{6F090943-04BA-474B-9871-0D61325501A3}.Ad-Hoc|Any CPU.ActiveCfg = Release|Any CPU
		{6F090943-04BA-474B-9871-0D61325501A3}.Ad-Hoc|Any CPU.Build.0 = Release|Any CPU
		{6F090943-04BA-474B-9871-0D61325501A3}.Ad-Hoc|Any CPU.Deploy.0 = Release|Any CPU
		{6F090943-04BA-474B-9871-0D61325501A3}.Ad-Hoc|iPhone.ActiveCfg = Release|Any CPU
		{6F090943-04BA-474B-9871-0D61325501A3}.Ad-Hoc|iPhone.Build.0 = Release|Any CPU
		{6F090943-04BA-474B-9871-0D61325501A3}.Ad-Hoc|iPhone.Deploy.0 = Release|Any CPU
		{6F090943-04BA-474B-9871-0D61325501A3}.Ad-Hoc|iPhoneSimulator.ActiveCfg = Release|Any CPU
		{6F090943-04BA-474B-9871-0D61325501A3}.Ad-Hoc|iPhoneSimulator.Build.0 = Release|Any CPU
		{6F090943-04BA-474B-9871-0D61325501A3}.Ad-Hoc|iPhoneSimulator.Deploy.0 = Release|Any CPU
		{6F090943-04BA-474B-9871-0D61325501A3}.AppStore|Any CPU.ActiveCfg = Release|Any CPU
		{6F090943-04BA-474B-9871-0D61325501A3}.AppStore|Any CPU.Build.0 = Release|Any CPU
		{6F090943-04BA-474B-9871-0D61325501A3}.AppStore|Any CPU.Deploy.0 = Release|Any CPU
		{6F090943-04BA-474B-9871-0D61325501A3}.AppStore|iPhone.ActiveCfg = Release|Any CPU
		{6F090943-04BA-474B-9871-0D61325501A3}.AppStore|iPhone.Build.0 = Release|Any CPU
		{6F090943-04BA-474B-9871-0D61325501A3}.AppStore|iPhone.Deploy.0 = Release|Any CPU
		{6F090943-04BA-474B-9871-0D61325501A3}.AppStore|iPhoneSimulator.ActiveCfg = Release|Any CPU
		{6F090943-04BA-474B-9871-0D61325501A3}.AppStore|iPhoneSimulator.Build.0 = Release|Any CPU
		{6F090943-04BA-474B-9871-0D61325501A3}.AppStore|iPhoneSimulator.Deploy.0 = Release|Any CPU
		{6F090943-04BA-474B-9871-0D61325501A3}.Debug|Any CPU.ActiveCfg = Debug|Any CPU
		{6F090943-04BA-474B-9871-0D61325501A3}.Debug|Any CPU.Build.0 = Debug|Any CPU
		{6F090943-04BA-474B-9871-0D61325501A3}.Debug|Any CPU.Deploy.0 = Debug|Any CPU
		{6F090943-04BA-474B-9871-0D61325501A3}.Debug|iPhone.ActiveCfg = Debug|Any CPU
		{6F090943-04BA-474B-9871-0D61325501A3}.Debug|iPhone.Build.0 = Debug|Any CPU
		{6F090943-04BA-474B-9871-0D61325501A3}.Debug|iPhone.Deploy.0 = Debug|Any CPU
		{6F090943-04BA-474B-9871-0D61325501A3}.Debug|iPhoneSimulator.ActiveCfg = Debug|Any CPU
		{6F090943-04BA-474B-9871-0D61325501A3}.Debug|iPhoneSimulator.Build.0 = Debug|Any CPU
		{6F090943-04BA-474B-9871-0D61325501A3}.Debug|iPhoneSimulator.Deploy.0 = Debug|Any CPU
		{6F090943-04BA-474B-9871-0D61325501A3}.Release|Any CPU.ActiveCfg = Release|Any CPU
		{6F090943-04BA-474B-9871-0D61325501A3}.Release|Any CPU.Build.0 = Release|Any CPU
		{6F090943-04BA-474B-9871-0D61325501A3}.Release|Any CPU.Deploy.0 = Release|Any CPU
		{6F090943-04BA-474B-9871-0D61325501A3}.Release|iPhone.ActiveCfg = Release|Any CPU
		{6F090943-04BA-474B-9871-0D61325501A3}.Release|iPhone.Build.0 = Release|Any CPU
		{6F090943-04BA-474B-9871-0D61325501A3}.Release|iPhone.Deploy.0 = Release|Any CPU
		{6F090943-04BA-474B-9871-0D61325501A3}.Release|iPhoneSimulator.ActiveCfg = Release|Any CPU
		{6F090943-04BA-474B-9871-0D61325501A3}.Release|iPhoneSimulator.Build.0 = Release|Any CPU
		{6F090943-04BA-474B-9871-0D61325501A3}.Release|iPhoneSimulator.Deploy.0 = Release|Any CPU
		{C69C2EFA-34BA-45CB-9D13-4F48186F044D}.Ad-Hoc|Any CPU.ActiveCfg = Ad-Hoc|iPhone
		{C69C2EFA-34BA-45CB-9D13-4F48186F044D}.Ad-Hoc|Any CPU.Build.0 = Ad-Hoc|iPhone
		{C69C2EFA-34BA-45CB-9D13-4F48186F044D}.Ad-Hoc|Any CPU.Deploy.0 = Ad-Hoc|iPhone
		{C69C2EFA-34BA-45CB-9D13-4F48186F044D}.Ad-Hoc|iPhone.ActiveCfg = Ad-Hoc|iPhone
		{C69C2EFA-34BA-45CB-9D13-4F48186F044D}.Ad-Hoc|iPhone.Build.0 = Ad-Hoc|iPhone
		{C69C2EFA-34BA-45CB-9D13-4F48186F044D}.Ad-Hoc|iPhone.Deploy.0 = Ad-Hoc|iPhone
		{C69C2EFA-34BA-45CB-9D13-4F48186F044D}.Ad-Hoc|iPhoneSimulator.ActiveCfg = Ad-Hoc|iPhoneSimulator
		{C69C2EFA-34BA-45CB-9D13-4F48186F044D}.Ad-Hoc|iPhoneSimulator.Build.0 = Ad-Hoc|iPhoneSimulator
		{C69C2EFA-34BA-45CB-9D13-4F48186F044D}.Ad-Hoc|iPhoneSimulator.Deploy.0 = Ad-Hoc|iPhoneSimulator
		{C69C2EFA-34BA-45CB-9D13-4F48186F044D}.AppStore|Any CPU.ActiveCfg = AppStore|iPhone
		{C69C2EFA-34BA-45CB-9D13-4F48186F044D}.AppStore|Any CPU.Build.0 = AppStore|iPhone
		{C69C2EFA-34BA-45CB-9D13-4F48186F044D}.AppStore|Any CPU.Deploy.0 = AppStore|iPhone
		{C69C2EFA-34BA-45CB-9D13-4F48186F044D}.AppStore|iPhone.ActiveCfg = AppStore|iPhone
		{C69C2EFA-34BA-45CB-9D13-4F48186F044D}.AppStore|iPhone.Build.0 = AppStore|iPhone
		{C69C2EFA-34BA-45CB-9D13-4F48186F044D}.AppStore|iPhone.Deploy.0 = AppStore|iPhone
		{C69C2EFA-34BA-45CB-9D13-4F48186F044D}.AppStore|iPhoneSimulator.ActiveCfg = AppStore|iPhoneSimulator
		{C69C2EFA-34BA-45CB-9D13-4F48186F044D}.AppStore|iPhoneSimulator.Build.0 = AppStore|iPhoneSimulator
		{C69C2EFA-34BA-45CB-9D13-4F48186F044D}.AppStore|iPhoneSimulator.Deploy.0 = AppStore|iPhoneSimulator
		{C69C2EFA-34BA-45CB-9D13-4F48186F044D}.Debug|Any CPU.ActiveCfg = Debug|iPhoneSimulator
		{C69C2EFA-34BA-45CB-9D13-4F48186F044D}.Debug|Any CPU.Build.0 = Debug|iPhoneSimulator
		{C69C2EFA-34BA-45CB-9D13-4F48186F044D}.Debug|Any CPU.Deploy.0 = Debug|iPhoneSimulator
		{C69C2EFA-34BA-45CB-9D13-4F48186F044D}.Debug|iPhone.ActiveCfg = Debug|iPhone
		{C69C2EFA-34BA-45CB-9D13-4F48186F044D}.Debug|iPhone.Build.0 = Debug|iPhone
		{C69C2EFA-34BA-45CB-9D13-4F48186F044D}.Debug|iPhone.Deploy.0 = Debug|iPhone
		{C69C2EFA-34BA-45CB-9D13-4F48186F044D}.Debug|iPhoneSimulator.ActiveCfg = Debug|iPhoneSimulator
		{C69C2EFA-34BA-45CB-9D13-4F48186F044D}.Debug|iPhoneSimulator.Build.0 = Debug|iPhoneSimulator
		{C69C2EFA-34BA-45CB-9D13-4F48186F044D}.Debug|iPhoneSimulator.Deploy.0 = Debug|iPhoneSimulator
		{C69C2EFA-34BA-45CB-9D13-4F48186F044D}.Release|Any CPU.ActiveCfg = Release|iPhone
		{C69C2EFA-34BA-45CB-9D13-4F48186F044D}.Release|Any CPU.Build.0 = Release|iPhone
		{C69C2EFA-34BA-45CB-9D13-4F48186F044D}.Release|Any CPU.Deploy.0 = Release|iPhone
		{C69C2EFA-34BA-45CB-9D13-4F48186F044D}.Release|iPhone.ActiveCfg = Release|iPhone
		{C69C2EFA-34BA-45CB-9D13-4F48186F044D}.Release|iPhone.Build.0 = Release|iPhone
		{C69C2EFA-34BA-45CB-9D13-4F48186F044D}.Release|iPhone.Deploy.0 = Release|iPhone
		{C69C2EFA-34BA-45CB-9D13-4F48186F044D}.Release|iPhoneSimulator.ActiveCfg = Release|iPhoneSimulator
		{C69C2EFA-34BA-45CB-9D13-4F48186F044D}.Release|iPhoneSimulator.Build.0 = Release|iPhoneSimulator
		{C69C2EFA-34BA-45CB-9D13-4F48186F044D}.Release|iPhoneSimulator.Deploy.0 = Release|iPhoneSimulator
		{33A109D3-4BD8-4D58-A67E-6FC7DD4F6556}.Ad-Hoc|Any CPU.ActiveCfg = Debug|Any CPU
		{33A109D3-4BD8-4D58-A67E-6FC7DD4F6556}.Ad-Hoc|Any CPU.Build.0 = Debug|Any CPU
		{33A109D3-4BD8-4D58-A67E-6FC7DD4F6556}.Ad-Hoc|Any CPU.Deploy.0 = Debug|Any CPU
		{33A109D3-4BD8-4D58-A67E-6FC7DD4F6556}.Ad-Hoc|iPhone.ActiveCfg = Debug|Any CPU
		{33A109D3-4BD8-4D58-A67E-6FC7DD4F6556}.Ad-Hoc|iPhone.Build.0 = Debug|Any CPU
		{33A109D3-4BD8-4D58-A67E-6FC7DD4F6556}.Ad-Hoc|iPhone.Deploy.0 = Debug|Any CPU
		{33A109D3-4BD8-4D58-A67E-6FC7DD4F6556}.Ad-Hoc|iPhoneSimulator.ActiveCfg = Debug|Any CPU
		{33A109D3-4BD8-4D58-A67E-6FC7DD4F6556}.Ad-Hoc|iPhoneSimulator.Build.0 = Debug|Any CPU
		{33A109D3-4BD8-4D58-A67E-6FC7DD4F6556}.Ad-Hoc|iPhoneSimulator.Deploy.0 = Debug|Any CPU
		{33A109D3-4BD8-4D58-A67E-6FC7DD4F6556}.AppStore|Any CPU.ActiveCfg = Debug|Any CPU
		{33A109D3-4BD8-4D58-A67E-6FC7DD4F6556}.AppStore|Any CPU.Build.0 = Debug|Any CPU
		{33A109D3-4BD8-4D58-A67E-6FC7DD4F6556}.AppStore|Any CPU.Deploy.0 = Debug|Any CPU
		{33A109D3-4BD8-4D58-A67E-6FC7DD4F6556}.AppStore|iPhone.ActiveCfg = Debug|Any CPU
		{33A109D3-4BD8-4D58-A67E-6FC7DD4F6556}.AppStore|iPhone.Build.0 = Debug|Any CPU
		{33A109D3-4BD8-4D58-A67E-6FC7DD4F6556}.AppStore|iPhone.Deploy.0 = Debug|Any CPU
		{33A109D3-4BD8-4D58-A67E-6FC7DD4F6556}.AppStore|iPhoneSimulator.ActiveCfg = Debug|Any CPU
		{33A109D3-4BD8-4D58-A67E-6FC7DD4F6556}.AppStore|iPhoneSimulator.Build.0 = Debug|Any CPU
		{33A109D3-4BD8-4D58-A67E-6FC7DD4F6556}.AppStore|iPhoneSimulator.Deploy.0 = Debug|Any CPU
		{33A109D3-4BD8-4D58-A67E-6FC7DD4F6556}.Debug|Any CPU.ActiveCfg = Debug|Any CPU
		{33A109D3-4BD8-4D58-A67E-6FC7DD4F6556}.Debug|Any CPU.Build.0 = Debug|Any CPU
		{33A109D3-4BD8-4D58-A67E-6FC7DD4F6556}.Debug|Any CPU.Deploy.0 = Debug|Any CPU
		{33A109D3-4BD8-4D58-A67E-6FC7DD4F6556}.Debug|iPhone.ActiveCfg = Debug|Any CPU
		{33A109D3-4BD8-4D58-A67E-6FC7DD4F6556}.Debug|iPhone.Build.0 = Debug|Any CPU
		{33A109D3-4BD8-4D58-A67E-6FC7DD4F6556}.Debug|iPhone.Deploy.0 = Debug|Any CPU
		{33A109D3-4BD8-4D58-A67E-6FC7DD4F6556}.Debug|iPhoneSimulator.ActiveCfg = Debug|Any CPU
		{33A109D3-4BD8-4D58-A67E-6FC7DD4F6556}.Debug|iPhoneSimulator.Build.0 = Debug|Any CPU
		{33A109D3-4BD8-4D58-A67E-6FC7DD4F6556}.Debug|iPhoneSimulator.Deploy.0 = Debug|Any CPU
		{33A109D3-4BD8-4D58-A67E-6FC7DD4F6556}.Release|Any CPU.ActiveCfg = Release|Any CPU
		{33A109D3-4BD8-4D58-A67E-6FC7DD4F6556}.Release|Any CPU.Build.0 = Release|Any CPU
		{33A109D3-4BD8-4D58-A67E-6FC7DD4F6556}.Release|Any CPU.Deploy.0 = Release|Any CPU
		{33A109D3-4BD8-4D58-A67E-6FC7DD4F6556}.Release|iPhone.ActiveCfg = Release|Any CPU
		{33A109D3-4BD8-4D58-A67E-6FC7DD4F6556}.Release|iPhone.Build.0 = Release|Any CPU
		{33A109D3-4BD8-4D58-A67E-6FC7DD4F6556}.Release|iPhone.Deploy.0 = Release|Any CPU
		{33A109D3-4BD8-4D58-A67E-6FC7DD4F6556}.Release|iPhoneSimulator.ActiveCfg = Release|Any CPU
		{33A109D3-4BD8-4D58-A67E-6FC7DD4F6556}.Release|iPhoneSimulator.Build.0 = Release|Any CPU
		{33A109D3-4BD8-4D58-A67E-6FC7DD4F6556}.Release|iPhoneSimulator.Deploy.0 = Release|Any CPU
		{B88D40C1-2293-4212-B554-6D647826A5DB}.Ad-Hoc|Any CPU.ActiveCfg = Debug|Any CPU
		{B88D40C1-2293-4212-B554-6D647826A5DB}.Ad-Hoc|Any CPU.Build.0 = Debug|Any CPU
		{B88D40C1-2293-4212-B554-6D647826A5DB}.Ad-Hoc|iPhone.ActiveCfg = Debug|Any CPU
		{B88D40C1-2293-4212-B554-6D647826A5DB}.Ad-Hoc|iPhone.Build.0 = Debug|Any CPU
		{B88D40C1-2293-4212-B554-6D647826A5DB}.Ad-Hoc|iPhoneSimulator.ActiveCfg = Debug|Any CPU
		{B88D40C1-2293-4212-B554-6D647826A5DB}.Ad-Hoc|iPhoneSimulator.Build.0 = Debug|Any CPU
		{B88D40C1-2293-4212-B554-6D647826A5DB}.AppStore|Any CPU.ActiveCfg = Debug|Any CPU
		{B88D40C1-2293-4212-B554-6D647826A5DB}.AppStore|Any CPU.Build.0 = Debug|Any CPU
		{B88D40C1-2293-4212-B554-6D647826A5DB}.AppStore|iPhone.ActiveCfg = Debug|Any CPU
		{B88D40C1-2293-4212-B554-6D647826A5DB}.AppStore|iPhone.Build.0 = Debug|Any CPU
		{B88D40C1-2293-4212-B554-6D647826A5DB}.AppStore|iPhoneSimulator.ActiveCfg = Debug|Any CPU
		{B88D40C1-2293-4212-B554-6D647826A5DB}.AppStore|iPhoneSimulator.Build.0 = Debug|Any CPU
		{B88D40C1-2293-4212-B554-6D647826A5DB}.Debug|Any CPU.ActiveCfg = Debug|Any CPU
		{B88D40C1-2293-4212-B554-6D647826A5DB}.Debug|Any CPU.Build.0 = Debug|Any CPU
		{B88D40C1-2293-4212-B554-6D647826A5DB}.Debug|iPhone.ActiveCfg = Debug|Any CPU
		{B88D40C1-2293-4212-B554-6D647826A5DB}.Debug|iPhone.Build.0 = Debug|Any CPU
		{B88D40C1-2293-4212-B554-6D647826A5DB}.Debug|iPhoneSimulator.ActiveCfg = Debug|Any CPU
		{B88D40C1-2293-4212-B554-6D647826A5DB}.Debug|iPhoneSimulator.Build.0 = Debug|Any CPU
		{B88D40C1-2293-4212-B554-6D647826A5DB}.Release|Any CPU.ActiveCfg = Release|Any CPU
		{B88D40C1-2293-4212-B554-6D647826A5DB}.Release|Any CPU.Build.0 = Release|Any CPU
		{B88D40C1-2293-4212-B554-6D647826A5DB}.Release|iPhone.ActiveCfg = Release|Any CPU
		{B88D40C1-2293-4212-B554-6D647826A5DB}.Release|iPhone.Build.0 = Release|Any CPU
		{B88D40C1-2293-4212-B554-6D647826A5DB}.Release|iPhoneSimulator.ActiveCfg = Release|Any CPU
		{B88D40C1-2293-4212-B554-6D647826A5DB}.Release|iPhoneSimulator.Build.0 = Release|Any CPU
		{252D66F5-1FF3-4051-8184-87486572A171}.Ad-Hoc|Any CPU.ActiveCfg = Debug|Any CPU
		{252D66F5-1FF3-4051-8184-87486572A171}.Ad-Hoc|Any CPU.Build.0 = Debug|Any CPU
		{252D66F5-1FF3-4051-8184-87486572A171}.Ad-Hoc|iPhone.ActiveCfg = Debug|Any CPU
		{252D66F5-1FF3-4051-8184-87486572A171}.Ad-Hoc|iPhone.Build.0 = Debug|Any CPU
		{252D66F5-1FF3-4051-8184-87486572A171}.Ad-Hoc|iPhoneSimulator.ActiveCfg = Debug|Any CPU
		{252D66F5-1FF3-4051-8184-87486572A171}.Ad-Hoc|iPhoneSimulator.Build.0 = Debug|Any CPU
		{252D66F5-1FF3-4051-8184-87486572A171}.AppStore|Any CPU.ActiveCfg = Debug|Any CPU
		{252D66F5-1FF3-4051-8184-87486572A171}.AppStore|Any CPU.Build.0 = Debug|Any CPU
		{252D66F5-1FF3-4051-8184-87486572A171}.AppStore|iPhone.ActiveCfg = Debug|Any CPU
		{252D66F5-1FF3-4051-8184-87486572A171}.AppStore|iPhone.Build.0 = Debug|Any CPU
		{252D66F5-1FF3-4051-8184-87486572A171}.AppStore|iPhoneSimulator.ActiveCfg = Debug|Any CPU
		{252D66F5-1FF3-4051-8184-87486572A171}.AppStore|iPhoneSimulator.Build.0 = Debug|Any CPU
		{252D66F5-1FF3-4051-8184-87486572A171}.Debug|Any CPU.ActiveCfg = Debug|Any CPU
		{252D66F5-1FF3-4051-8184-87486572A171}.Debug|Any CPU.Build.0 = Debug|Any CPU
		{252D66F5-1FF3-4051-8184-87486572A171}.Debug|iPhone.ActiveCfg = Debug|Any CPU
		{252D66F5-1FF3-4051-8184-87486572A171}.Debug|iPhone.Build.0 = Debug|Any CPU
		{252D66F5-1FF3-4051-8184-87486572A171}.Debug|iPhoneSimulator.ActiveCfg = Debug|Any CPU
		{252D66F5-1FF3-4051-8184-87486572A171}.Debug|iPhoneSimulator.Build.0 = Debug|Any CPU
		{252D66F5-1FF3-4051-8184-87486572A171}.Release|Any CPU.ActiveCfg = Release|Any CPU
		{252D66F5-1FF3-4051-8184-87486572A171}.Release|Any CPU.Build.0 = Release|Any CPU
		{252D66F5-1FF3-4051-8184-87486572A171}.Release|iPhone.ActiveCfg = Release|Any CPU
		{252D66F5-1FF3-4051-8184-87486572A171}.Release|iPhone.Build.0 = Release|Any CPU
		{252D66F5-1FF3-4051-8184-87486572A171}.Release|iPhoneSimulator.ActiveCfg = Release|Any CPU
		{252D66F5-1FF3-4051-8184-87486572A171}.Release|iPhoneSimulator.Build.0 = Release|Any CPU
	EndGlobalSection
	GlobalSection(SolutionProperties) = preSolution
		HideSolutionNode = FALSE
	EndGlobalSection
	GlobalSection(ExtensibilityGlobals) = postSolution
		SolutionGuid = {A4ED3441-9F61-41B0-A119-1E082DEAD5A1}
	EndGlobalSection
EndGlobal
